
Microsoft Visual Studio Solution File, Format Version 12.00
# Visual Studio Version 17
VisualStudioVersion = 17.14.36623.8 d17.14
MinimumVisualStudioVersion = 10.0.40219.1
Project("{FAE04EC0-301F-11D3-BF4B-00C04F79EFBC}") = "addressbook-web-tests", "addressbook-web-tests\addressbook-web-tests.csproj", "{94BE2CCF-90AD-4847-BF19-54C0BF5548E8}"
EndProject
Global
	GlobalSection(SolutionConfigurationPlatforms) = preSolution
		Debug|Any CPU = Debug|Any CPU
		Release|Any CPU = Release|Any CPU
	EndGlobalSection
	GlobalSection(ProjectConfigurationPlatforms) = postSolution
		{94BE2CCF-90AD-4847-BF19-54C0BF5548E8}.Debug|Any CPU.ActiveCfg = Debug|Any CPU
		{94BE2CCF-90AD-4847-BF19-54C0BF5548E8}.Debug|Any CPU.Build.0 = Debug|Any CPU
		{94BE2CCF-90AD-4847-BF19-54C0BF5548E8}.Release|Any CPU.ActiveCfg = Release|Any CPU
		{94BE2CCF-90AD-4847-BF19-54C0BF5548E8}.Release|Any CPU.Build.0 = Release|Any CPU
	EndGlobalSection
	GlobalSection(SolutionProperties) = preSolution
		HideSolutionNode = FALSE
	EndGlobalSection
	GlobalSection(ExtensibilityGlobals) = postSolution
		SolutionGuid = {39C4152C-AFB2-413B-8924-00B2EFEF0F60}
	EndGlobalSection
EndGlobal
